PODS:
  - Alamofire (4.9.1)
  - FDFullscreenPopGesture (1.1)
  - Firebase/Analytics (6.31.1):
    - Firebase/Core
  - Firebase/Core (6.31.1):
    - Firebase/CoreOnly
    - FirebaseAnalytics (= 6.8.0)
  - Firebase/CoreOnly (6.31.1):
    - FirebaseCore (= 6.10.1)
  - Firebase/Crashlytics (6.31.1):
    - Firebase/CoreOnly
    - FirebaseCrashlytics (~> 4.5.0)
  - Firebase/Performance (6.31.1):
    - Firebase/CoreOnly
    - FirebasePerformance (~> 3.3.0)
  - FirebaseABTesting (4.2.0):
    - FirebaseCore (~> 6.10)
  - FirebaseAnalytics (6.8.0):
    - FirebaseCore (~> 6.10)
    - FirebaseInstallations (~> 1.6)
    - GoogleAppMeasurement (= 6.8.0)
    - GoogleUtilities/AppDelegateSwizzler (~> 6.7)
    - GoogleUtilities/MethodSwizzler (~> 6.7)
    - GoogleUtilities/Network (~> 6.7)
    - "GoogleUtilities/NSData+zlib (~> 6.7)"
    - nanopb (~> 1.30906.0)
  - FirebaseCore (6.10.1):
    - FirebaseCoreDiagnostics (~> 1.6)
    - GoogleUtilities/Environment (~> 6.7)
    - GoogleUtilities/Logger (~> 6.7)
  - FirebaseCoreDiagnostics (1.7.0):
    - GoogleDataTransport (~> 7.4)
    - GoogleUtilities/Environment (~> 6.7)
    - GoogleUtilities/Logger (~> 6.7)
    - nanopb (~> 1.30906.0)
  - FirebaseCrashlytics (4.5.0):
    - FirebaseCore (~> 6.10)
    - FirebaseInstallations (~> 1.6)
    - GoogleDataTransport (~> 7.2)
    - nanopb (~> 1.30906.0)
    - PromisesObjC (~> 1.2)
  - FirebaseInstallations (1.7.0):
    - FirebaseCore (~> 6.10)
    - GoogleUtilities/Environment (~> 6.7)
    - GoogleUtilities/UserDefaults (~> 6.7)
    - PromisesObjC (~> 1.2)
  - FirebasePerformance (3.3.2):
    - FirebaseCore (~> 6.9)
    - FirebaseInstallations (~> 1.5)
    - FirebaseRemoteConfig (~> 4.7)
    - GoogleDataTransport (~> 7.0)
    - GoogleToolboxForMac/Logger (~> 2.1)
    - "GoogleToolboxForMac/NSData+zlib (~> 2.1)"
    - GoogleUtilities/Environment (~> 6.2)
    - GoogleUtilities/ISASwizzler (~> 6.2)
    - GoogleUtilities/MethodSwizzler (~> 6.2)
    - GTMSessionFetcher/Core (~> 1.1)
    - Protobuf (~> 3.12)
  - FirebaseRemoteConfig (4.9.1):
    - FirebaseABTesting (~> 4.2)
    - FirebaseCore (~> 6.10)
    - FirebaseInstallations (~> 1.6)
    - GoogleUtilities/Environment (~> 6.7)
    - "GoogleUtilities/NSData+zlib (~> 6.7)"
  - GoogleAppMeasurement (6.8.0):
    - GoogleUtilities/AppDelegateSwizzler (~> 6.7)
    - GoogleUtilities/MethodSwizzler (~> 6.7)
    - GoogleUtilities/Network (~> 6.7)
    - "GoogleUtilities/NSData+zlib (~> 6.7)"
    - nanopb (~> 1.30906.0)
  - GoogleDataTransport (7.5.1):
    - nanopb (~> 1.30906.0)
  - GoogleToolboxForMac/Defines (2.3.0)
  - GoogleToolboxForMac/Logger (2.3.0):
    - GoogleToolboxForMac/Defines (= 2.3.0)
  - "GoogleToolboxForMac/NSData+zlib (2.3.0)":
    - GoogleToolboxForMac/Defines (= 2.3.0)
  - GoogleUtilities/AppDelegateSwizzler (6.7.2):
    - GoogleUtilities/Environment
    - GoogleUtilities/Logger
    - GoogleUtilities/Network
  - GoogleUtilities/Environment (6.7.2):
    - PromisesObjC (~> 1.2)
  - GoogleUtilities/ISASwizzler (6.7.2)
  - GoogleUtilities/Logger (6.7.2):
    - GoogleUtilities/Environment
  - GoogleUtilities/MethodSwizzler (6.7.2):
    - GoogleUtilities/Logger
  - GoogleUtilities/Network (6.7.2):
    - GoogleUtilities/Logger
    - "GoogleUtilities/NSData+zlib"
    - GoogleUtilities/Reachability
  - "GoogleUtilities/NSData+zlib (6.7.2)"
  - GoogleUtilities/Reachability (6.7.2):
    - GoogleUtilities/Logger
  - GoogleUtilities/UserDefaults (6.7.2):
    - GoogleUtilities/Logger
  - GTMSessionFetcher/Core (1.5.0)
  - IQKeyboardManager (6.1.1)
  - KeychainAccess (4.2.0)
  - lottie-ios (3.1.8)
  - Masonry (1.1.0)
  - Material (3.1.8):
    - Material/Core (= 3.1.8)
  - Material/Core (3.1.8):
    - Motion (~> 3.1.1)
  - MBProgressHUD (1.1.0)
  - MGJRouter (0.10.0)
  - MJRefresh (3.2.0)
  - Motion (3.1.3):
    - Motion/Core (= 3.1.3)
  - Motion/Core (3.1.3)
  - nanopb (1.30906.0):
    - nanopb/decode (= 1.30906.0)
    - nanopb/encode (= 1.30906.0)
  - nanopb/decode (1.30906.0)
  - nanopb/encode (1.30906.0)
  - NVActivityIndicatorView (5.1.1):
    - NVActivityIndicatorView/Base (= 5.1.1)
  - NVActivityIndicatorView/Base (5.1.1)
  - PromisesObjC (1.2.11)
  - Protobuf (3.14.0)
  - QCloudCore (5.5.2)
  - QCloudCOSXML/Transfer (5.5.2):
    - QCloudCore (= 5.5.2)
  - RxCocoa (5.1.1):
    - RxRelay (~> 5)
    - RxSwift (~> 5)
  - RxRelay (5.1.1):
    - RxSwift (~> 5)
  - RxSwift (5.1.1)
  - SDWebImage (4.4.2):
    - SDWebImage/Core (= 4.4.2)
  - SDWebImage/Core (4.4.2)
  - SnapKit (5.0.1)
  - SocketRocket (0.5.1)
  - Tencent-MapSDK (4.3.9)
  - TIoTLinkKit (1.0.0):
    - TIoTLinkKit/LinkSDK (= 1.0.0)
  - TIoTLinkKit/LinkRTC (1.0.0):
    - TIoTLinkKit/LinkSDK
    - TXLiteAVSDK_TRTC (= 8.0.9644)
    - YYModel
  - TIoTLinkKit/LinkSDK (1.0.0):
    - MBProgressHUD (= 1.1.0)
  - TIoTLinkKit/LinkVideo (1.0.0):
    - TIoTLinkKit/LinkSDK
    - TIoTThridSDK/FFmpeg-iOS (= 1.0.2)
  - TIoTThridSDK/FFmpeg-iOS (1.0.2)
  - TIoTThridSDK/TPNS-iOS (1.0.2)
  - TIoTThridSDK/WechatOpenSDK_NoPay (1.0.2)
  - Toast-Swift (5.0.1)
  - TrueTime (5.0.3)
  - TXLiteAVSDK_TRTC (8.0.9644)
  - TZImagePickerController (3.2.1)
  - YYModel (1.0.4)

DEPENDENCIES:
  - Alamofire (= 4.9.1)
  - FDFullscreenPopGesture (= 1.1)
  - Firebase/Analytics (= 6.31.1)
  - Firebase/Crashlytics (= 6.31.1)
  - Firebase/Performance (= 6.31.1)
  - IQKeyboardManager (= 6.1.1)
  - KeychainAccess (= 4.2.0)
  - lottie-ios (= 3.1.8)
  - Masonry (= 1.1.0)
  - Material (= 3.1.8)
  - MGJRouter (= 0.10.0)
  - MJRefresh (= 3.2.0)
  - NVActivityIndicatorView (= 5.1.1)
  - QCloudCOSXML/Transfer (= 5.5.2)
  - RxCocoa (= 5.1.1)
  - RxSwift (= 5.1.1)
  - SDWebImage (= 4.4.2)
  - SnapKit (= 5.0.1)
  - SocketRocket (= 0.5.1)
  - Tencent-MapSDK (= 4.3.9)
  - TIoTLinkKit (from `./`)
  - TIoTLinkKit/LinkRTC (from `./`)
  - TIoTLinkKit/LinkVideo (from `./`)
  - TIoTThridSDK/TPNS-iOS (= 1.0.2)
  - TIoTThridSDK/WechatOpenSDK_NoPay (= 1.0.2)
  - Toast-Swift (= 5.0.1)
  - TrueTime (= 5.0.3)
  - TZImagePickerController (= 3.2.1)
  - YYModel (= 1.0.4)

SPEC REPOS:
  trunk:
    - Alamofire
    - FDFullscreenPopGesture
    - Firebase
    - FirebaseABTesting
    - FirebaseAnalytics
    - FirebaseCore
    - FirebaseCoreDiagnostics
    - FirebaseCrashlytics
    - FirebaseInstallations
    - FirebasePerformance
    - FirebaseRemoteConfig
    - GoogleAppMeasurement
    - GoogleDataTransport
    - GoogleToolboxForMac
    - GoogleUtilities
    - GTMSessionFetcher
    - IQKeyboardManager
    - KeychainAccess
    - lottie-ios
    - Masonry
    - Material
    - MBProgressHUD
    - MGJRouter
    - MJRefresh
    - Motion
    - nanopb
    - NVActivityIndicatorView
    - PromisesObjC
    - Protobuf
    - QCloudCore
    - QCloudCOSXML
    - RxCocoa
    - RxRelay
    - RxSwift
    - SDWebImage
    - SnapKit
    - SocketRocket
    - Tencent-MapSDK
    - TIoTThridSDK
    - Toast-Swift
    - TrueTime
    - TXLiteAVSDK_TRTC
    - TZImagePickerController
    - YYModel

EXTERNAL SOURCES:
  TIoTLinkKit:
    :path: "./"

SPEC CHECKSUMS:
  Alamofire: 85e8a02c69d6020a0d734f6054870d7ecb75cf18
  FDFullscreenPopGesture: a8a620179e3d9c40e8e00256dcee1c1a27c6d0f0
  Firebase: 658370fa0181826a74b7cfca8d68c5856ca749ae
  FirebaseABTesting: 8a9d8df3acc2b43f4a22014ddf9f601bca6af699
  FirebaseAnalytics: 0ca9aa2af7cc4dc92392b7a78bfc49feaa2eb60f
  FirebaseCore: 6fb954e350af0885803d5aa49865d15d9a6b264c
  FirebaseCoreDiagnostics: 770ac5958e1372ce67959ae4b4f31d8e127c3ac1
  FirebaseCrashlytics: d2a350ec7fd4a332031b906b0802a7a73697630b
  FirebaseInstallations: 466c7b4d1f58fe16707693091da253726a731ed2
  FirebasePerformance: 34de2b03ddfddbca26a716468a50877fd065fbe5
  FirebaseRemoteConfig: 35a729305f254fb15a2e541d4b36f3a379da7fdc
  GoogleAppMeasurement: ecc30d0ab5b66d7d18e85ce1b8e2b345db60626d
  GoogleDataTransport: f56af7caa4ed338dc8e138a5d7c5973e66440833
  GoogleToolboxForMac: 1350d40e86a76f7863928d63bcb0b89c84c521c5
  GoogleUtilities: 7f2f5a07f888cdb145101d6042bc4422f57e70b3
  GTMSessionFetcher: b3503b20a988c4e20cc189aa798fd18220133f52
  IQKeyboardManager: 79c57795f5c2408d259d37b9da2ed07efcbb5225
  KeychainAccess: 3f760109aa99b05d0f231e28b22642da7153e38a
  lottie-ios: 48fac6be217c76937e36e340e2d09cf7b10b7f5f
  Masonry: 678fab65091a9290e40e2832a55e7ab731aad201
  Material: a2a3f400a3b549d53ef89e56c58c4535b29db387
  MBProgressHUD: e7baa36a220447d8aeb12769bf0585582f3866d9
  MGJRouter: 15d94541eb2cc81eff7d577337288feb7ae9575f
  MJRefresh: ed450d6eb9d3346a2cb033ab7eb6de090aeef437
  Motion: cf1e060e489f6661126374d5c60dbd2ed991605c
  nanopb: 59317e09cf1f1a0af72f12af412d54edf52603fc
  NVActivityIndicatorView: 1f6c5687f1171810aa27a3296814dc2d7dec3667
  PromisesObjC: 8c196f5a328c2cba3e74624585467a557dcb482f
  Protobuf: 0cde852566359049847168e51bd1c690e0f70056
  QCloudCore: b91a762d280f0a80cc6f537fd186ac43a4a3025e
  QCloudCOSXML: a30ab17f45b0cbbcbb218a3677298498e8748a22
  RxCocoa: 32065309a38d29b5b0db858819b5bf9ef038b601
  RxRelay: d77f7d771495f43c556cbc43eebd1bb54d01e8e9
  RxSwift: 81470a2074fa8780320ea5fe4102807cb7118178
  SDWebImage: 624d6e296c69b244bcede364c72ae0430ac14681
  SnapKit: 97b92857e3df3a0c71833cce143274bf6ef8e5eb
  SocketRocket: d57c7159b83c3c6655745cd15302aa24b6bae531
  Tencent-MapSDK: 6dfbee53b46131deb4c4bb02b3edc5ce7fb630dc
  TIoTLinkKit: c8f0094605c548acde74ae0f1da7b3be853c617c
  TIoTThridSDK: 2b85276b3e13248b55f2e5ab90e532405ed50aab
  Toast-Swift: 9b6a70f28b3bf0b96c40d46c0c4b9d6639846711
  TrueTime: b49551ffafb28a9dee04e51b226f42a416010842
  TXLiteAVSDK_TRTC: e3383a81565e8bb2aaaaab4bd099ad5239cd5b2d
  TZImagePickerController: bf4c57b98d8707fce41ea6be872414a71c7a8c9d
  YYModel: 2a7fdd96aaa4b86a824e26d0c517de8928c04b30

PODFILE CHECKSUM: e7426aee7aa39adf4d46bf3444c67da9be976a19

COCOAPODS: 1.9.3
