PODS:
  - CocoaAsyncSocket (7.6.5)
  - CocoaLumberjack (3.7.2):
    - CocoaLumberjack/Core (= 3.7.2)
  - CocoaLumberjack/Core (3.7.2)
  - IoTVideoCloud (1.0.0):
    - CocoaAsyncSocket (= 7.6.5)
    - CocoaLumberjack
    - TXLiteAVSDK_TRTC (= 11.1.14143)
    - YYModel
  - Masonry (1.1.0)
  - MBProgressHUD (1.1.0)
  - QCloudCore (5.5.2)
  - QCloudCOSXML/Transfer (5.5.2):
    - QCloudCore (= 5.5.2)
  - SDWebImage (4.4.2):
    - SDWebImage/Core (= 4.4.2)
  - SDWebImage/Core (4.4.2)
  - TXLiteAVSDK_TRTC (11.1.14143):
    - TXLiteAVSDK_TRTC/TRTC (= 11.1.14143)
  - TXLiteAVSDK_TRTC/TRTC (11.1.14143)
  - WechatOpenSDK-XCFramework (2.0.4)
  - YYModel (1.0.4)

DEPENDENCIES:
  - CocoaLumberjack (= 3.7.2)
  - IoTVideoCloud (from `https://raw.githubusercontent.com/tencentyun/iot-thirdparty-ios/master/IoTVideoCloud.podspec`)
  - Masonry (= 1.1.0)
  - MBProgressHUD (= 1.1.0)
  - QCloudCOSXML/Transfer (= 5.5.2)
  - SDWebImage (= 4.4.2)
  - WechatOpenSDK-XCFramework (= 2.0.4)
  - YYModel (= 1.0.4)

SPEC REPOS:
  trunk:
    - CocoaAsyncSocket
    - CocoaLumberjack
    - Masonry
    - MBProgressHUD
    - QCloudCore
    - QCloudCOSXML
    - SDWebImage
    - TXLiteAVSDK_TRTC
    - WechatOpenSDK-XCFramework
    - YYModel

EXTERNAL SOURCES:
  IoTVideoCloud:
    :podspec: https://raw.githubusercontent.com/tencentyun/iot-thirdparty-ios/master/IoTVideoCloud.podspec

SPEC CHECKSUMS:
  CocoaAsyncSocket: 065fd1e645c7abab64f7a6a2007a48038fdc6a99
  CocoaLumberjack: b7e05132ff94f6ae4dfa9d5bce9141893a21d9da
  IoTVideoCloud: 9c04a7cea1aef8391aa01c2a667919e0fb55e1c0
  Masonry: 678fab65091a9290e40e2832a55e7ab731aad201
  MBProgressHUD: e7baa36a220447d8aeb12769bf0585582f3866d9
  QCloudCore: b91a762d280f0a80cc6f537fd186ac43a4a3025e
  QCloudCOSXML: a30ab17f45b0cbbcbb218a3677298498e8748a22
  SDWebImage: 624d6e296c69b244bcede364c72ae0430ac14681
  TXLiteAVSDK_TRTC: 15b46120bfb5227c4f07a03d7b73b2530a4034bf
  WechatOpenSDK-XCFramework: 36fb2bea0754266c17184adf4963d7e6ff98b69f
  YYModel: 2a7fdd96aaa4b86a824e26d0c517de8928c04b30

PODFILE CHECKSUM: 8ea5f1db33891711e794e370d93355b600cf1fad

COCOAPODS: 1.16.2
